
Microsoft Visual Studio Solution File, Format Version 12.00
# Visual Studio Version 17
VisualStudioVersion = 17.4.33122.133
MinimumVisualStudioVersion = 10.0.40219.1
Project("{FAE04EC0-301F-11D3-BF4B-00C04F79EFBC}") = "GuessWho.WebUI", "GuessWho.WebUI\GuessWho.WebUI.csproj", "{192DD0D5-650E-45FA-8C89-91949B2ECFFB}"
EndProject
Project("{FAE04EC0-301F-11D3-BF4B-00C04F79EFBC}") = "GuessWho.Infrastructure", "GuessWho.Infrastructure\GuessWho.Infrastructure.csproj", "{DAD79007-9F77-47E8-A31A-535281878E06}"
EndProject
Project("{FAE04EC0-301F-11D3-BF4B-00C04F79EFBC}") = "GuessWho.Persistence", "GuessWho.Persistence\GuessWho.Persistence.csproj", "{8E6DE558-B6EF-4583-8BED-02416676139E}"
EndProject
Project("{FAE04EC0-301F-11D3-BF4B-00C04F79EFBC}") = "GuessWho.Application", "GuessWho.Application\GuessWho.Application.csproj", "{E6F58B8C-8E72-4E9D-B8BC-84E8C18135D2}"
EndProject
Project("{FAE04EC0-301F-11D3-BF4B-00C04F79EFBC}") = "GuessWho.Domain", "GuessWho.Domain\GuessWho.Domain.csproj", "{1FBA5819-D9B9-47CB-A1B9-AFA3A95B3119}"
EndProject
Global
	GlobalSection(SolutionConfigurationPlatforms) = preSolution
		Debug|Any CPU = Debug|Any CPU
		Release|Any CPU = Release|Any CPU
	EndGlobalSection
	GlobalSection(ProjectConfigurationPlatforms) = postSolution
		{192DD0D5-650E-45FA-8C89-91949B2ECFFB}.Debug|Any CPU.ActiveCfg = Debug|Any CPU
		{192DD0D5-650E-45FA-8C89-91949B2ECFFB}.Debug|Any CPU.Build.0 = Debug|Any CPU
		{192DD0D5-650E-45FA-8C89-91949B2ECFFB}.Release|Any CPU.ActiveCfg = Release|Any CPU
		{192DD0D5-650E-45FA-8C89-91949B2ECFFB}.Release|Any CPU.Build.0 = Release|Any CPU
		{DAD79007-9F77-47E8-A31A-535281878E06}.Debug|Any CPU.ActiveCfg = Debug|Any CPU
		{DAD79007-9F77-47E8-A31A-535281878E06}.Debug|Any CPU.Build.0 = Debug|Any CPU
		{DAD79007-9F77-47E8-A31A-535281878E06}.Release|Any CPU.ActiveCfg = Release|Any CPU
		{DAD79007-9F77-47E8-A31A-535281878E06}.Release|Any CPU.Build.0 = Release|Any CPU
		{8E6DE558-B6EF-4583-8BED-02416676139E}.Debug|Any CPU.ActiveCfg = Debug|Any CPU
		{8E6DE558-B6EF-4583-8BED-02416676139E}.Debug|Any CPU.Build.0 = Debug|Any CPU
		{8E6DE558-B6EF-4583-8BED-02416676139E}.Release|Any CPU.ActiveCfg = Release|Any CPU
		{8E6DE558-B6EF-4583-8BED-02416676139E}.Release|Any CPU.Build.0 = Release|Any CPU
		{E6F58B8C-8E72-4E9D-B8BC-84E8C18135D2}.Debug|Any CPU.ActiveCfg = Debug|Any CPU
		{E6F58B8C-8E72-4E9D-B8BC-84E8C18135D2}.Debug|Any CPU.Build.0 = Debug|Any CPU
		{E6F58B8C-8E72-4E9D-B8BC-84E8C18135D2}.Release|Any CPU.ActiveCfg = Release|Any CPU
		{E6F58B8C-8E72-4E9D-B8BC-84E8C18135D2}.Release|Any CPU.Build.0 = Release|Any CPU
		{1FBA5819-D9B9-47CB-A1B9-AFA3A95B3119}.Debug|Any CPU.ActiveCfg = Debug|Any CPU
		{1FBA5819-D9B9-47CB-A1B9-AFA3A95B3119}.Debug|Any CPU.Build.0 = Debug|Any CPU
		{1FBA5819-D9B9-47CB-A1B9-AFA3A95B3119}.Release|Any CPU.ActiveCfg = Release|Any CPU
		{1FBA5819-D9B9-47CB-A1B9-AFA3A95B3119}.Release|Any CPU.Build.0 = Release|Any CPU
	EndGlobalSection
	GlobalSection(SolutionProperties) = preSolution
		HideSolutionNode = FALSE
	EndGlobalSection
	GlobalSection(ExtensibilityGlobals) = postSolution
		SolutionGuid = {67629AF6-9CB2-4D4A-B23D-439773EB9609}
	EndGlobalSection
EndGlobal
